
Microsoft Visual Studio Solution File, Format Version 12.00
# Visual Studio Version 17
VisualStudioVersion = 17.3.32922.545
MinimumVisualStudioVersion = 10.0.40219.1
Project("{FAE04EC0-301F-11D3-BF4B-00C04F79EFBC}") = "OpsSearchEngine", "OpsSearchEngine\OpsSearchEngine.csproj", "{AAF8E2FB-D00F-4F51-B827-C5747C38E49C}"
EndProject
Project("{FAE04EC0-301F-11D3-BF4B-00C04F79EFBC}") = "UnitTests", "UnitTests\UnitTests.csproj", "{8D8EBA6C-C833-4F33-AEAC-0CDA8D94F1D8}"
EndProject
Global
	GlobalSection(SolutionConfigurationPlatforms) = preSolution
		Debug|Any CPU = Debug|Any CPU
		Release|Any CPU = Release|Any CPU
	EndGlobalSection
	GlobalSection(ProjectConfigurationPlatforms) = postSolution
		{AAF8E2FB-D00F-4F51-B827-C5747C38E49C}.Debug|Any CPU.ActiveCfg = Debug|Any CPU
		{AAF8E2FB-D00F-4F51-B827-C5747C38E49C}.Debug|Any CPU.Build.0 = Debug|Any CPU
		{AAF8E2FB-D00F-4F51-B827-C5747C38E49C}.Release|Any CPU.ActiveCfg = Release|Any CPU
		{AAF8E2FB-D00F-4F51-B827-C5747C38E49C}.Release|Any CPU.Build.0 = Release|Any CPU
		{8D8EBA6C-C833-4F33-AEAC-0CDA8D94F1D8}.Debug|Any CPU.ActiveCfg = Debug|Any CPU
		{8D8EBA6C-C833-4F33-AEAC-0CDA8D94F1D8}.Debug|Any CPU.Build.0 = Debug|Any CPU
		{8D8EBA6C-C833-4F33-AEAC-0CDA8D94F1D8}.Release|Any CPU.ActiveCfg = Release|Any CPU
		{8D8EBA6C-C833-4F33-AEAC-0CDA8D94F1D8}.Release|Any CPU.Build.0 = Release|Any CPU
	EndGlobalSection
	GlobalSection(SolutionProperties) = preSolution
		HideSolutionNode = FALSE
	EndGlobalSection
	GlobalSection(ExtensibilityGlobals) = postSolution
		SolutionGuid = {B4935710-F1FC-4A85-A7A5-C87D85BBD5CD}
	EndGlobalSection
EndGlobal
